// !$*UTF8*$!
{
	archiveVersion = 1;
	classes = {
	};
	objectVersion = 46;
	objects = {

/* Begin PBXBuildFile section */
		659C35B51DF038A8008A2EE3 /* AppDelegate.swift in Sources */ = {isa = PBXBuildFile; fileRef = 659C35B41DF038A8008A2EE3 /* AppDelegate.swift */; };
		659C35B71DF038A8008A2EE3 /* ViewController.swift in Sources */ = {isa = PBXBuildFile; fileRef = 659C35B61DF038A8008A2EE3 /* ViewController.swift */; };
		659C35BA1DF038A8008A2EE3 /* Main.storyboard in Resources */ = {isa = PBXBuildFile; fileRef = 659C35B81DF038A8008A2EE3 /* Main.storyboard */; };
		659C35BC1DF038A8008A2EE3 /* Assets.xcassets in Resources */ = {isa = PBXBuildFile; fileRef = 659C35BB1DF038A8008A2EE3 /* Assets.xcassets */; };
		659C35BF1DF038A8008A2EE3 /* LaunchScreen.storyboard in Resources */ = {isa = PBXBuildFile; fileRef = 659C35BD1DF038A8008A2EE3 /* LaunchScreen.storyboard */; };
		659C35CA1DF038A8008A2EE3 /* BirthdaysTests.swift in Sources */ = {isa = PBXBuildFile; fileRef = 659C35C91DF038A8008A2EE3 /* BirthdaysTests.swift */; };
/* End PBXBuildFile section */

/* Begin PBXContainerItemProxy section */
		659C35C61DF038A8008A2EE3 /* PBXContainerItemProxy */ = {
			isa = PBXContainerItemProxy;
			containerPortal = 659C35A91DF038A8008A2EE3 /* Project object */;
			proxyType = 1;
			remoteGlobalIDString = 659C35B01DF038A8008A2EE3;
			remoteInfo = Birthdays;
		};
/* End PBXContainerItemProxy section */

/* Begin PBXFileReference section */
		659C35B11DF038A8008A2EE3 /* Birthdays.app */ = {isa = PBXFileReference; explicitFileType = wrapper.application; includeInIndex = 0; path = Birthdays.app; sourceTree = BUILT_PRODUCTS_DIR; };
		659C35B41DF038A8008A2EE3 /* AppDelegate.swift */ = {isa = PBXFileReference; lastKnownFileType = sourcecode.swift; path = AppDelegate.swift; sourceTree = "<group>"; };
		659C35B61DF038A8008A2EE3 /* ViewController.swift */ = {isa = PBXFileReference; lastKnownFileType = sourcecode.swift; path = ViewController.swift; sourceTree = "<group>"; };
		659C35B91DF038A8008A2EE3 /* Base */ = {isa = PBXFileReference; lastKnownFileType = file.storyboard; name = Base; path = Base.lproj/Main.storyboard; sourceTree = "<group>"; };
		659C35BB1DF038A8008A2EE3 /* Assets.xcassets */ = {isa = PBXFileReference; lastKnownFileType = folder.assetcatalog; path = Assets.xcassets; sourceTree = "<group>"; };
		659C35BE1DF038A8008A2EE3 /* Base */ = {isa = PBXFileReference; lastKnownFileType = file.storyboard; name = Base; path = Base.lproj/LaunchScreen.storyboard; sourceTree = "<group>"; };
		659C35C01DF038A8008A2EE3 /* Info.plist */ = {isa = PBXFileReference; lastKnownFileType = text.plist.xml; path = Info.plist; sourceTree = "<group>"; };
		659C35C51DF038A8008A2EE3 /* BirthdaysTests.xctest */ = {isa = PBXFileReference; explicitFileType = wrapper.cfbundle; includeInIndex = 0; path = BirthdaysTests.xctest; sourceTree = BUILT_PRODUCTS_DIR; };
		659C35C91DF038A8008A2EE3 /* BirthdaysTests.swift */ = {isa = PBXFileReference; lastKnownFileType = sourcecode.swift; path = BirthdaysTests.swift; sourceTree = "<group>"; };
		659C35CB1DF038A8008A2EE3 /* Info.plist */ = {isa = PBXFileReference; lastKnownFileType = text.plist.xml; path = Info.plist; sourceTree = "<group>"; };
/* End PBXFileReference section */

/* Begin PBXFrameworksBuildPhase section */
		659C35AE1DF038A8008A2EE3 /* Frameworks */ = {
			isa = PBXFrameworksBuildPhase;
			buildActionMask = 2147483647;
			files = (
			);
			runOnlyForDeploymentPostprocessing = 0;
		};
		659C35C21DF038A8008A2EE3 /* Frameworks */ = {
			isa = PBXFrameworksBuildPhase;
			buildActionMask = 2147483647;
			files = (
			);
			runOnlyForDeploymentPostprocessing = 0;
		};
/* End PBXFrameworksBuildPhase section */

/* Begin PBXGroup section */
		659C35A81DF038A8008A2EE3 = {
			isa = PBXGroup;
			children = (
				659C35B31DF038A8008A2EE3 /* Birthdays */,
				659C35C81DF038A8008A2EE3 /* BirthdaysTests */,
				659C35B21DF038A8008A2EE3 /* Products */,
			);
			sourceTree = "<group>";
		};
		659C35B21DF038A8008A2EE3 /* Products */ = {
			isa = PBXGroup;
			children = (
				659C35B11DF038A8008A2EE3 /* Birthdays.app */,
				659C35C51DF038A8008A2EE3 /* BirthdaysTests.xctest */,
			);
			name = Products;
			sourceTree = "<group>";
		};
		659C35B31DF038A8008A2EE3 /* Birthdays */ = {
			isa = PBXGroup;
			children = (
				659C35B41DF038A8008A2EE3 /* AppDelegate.swift */,
				659C35B61DF038A8008A2EE3 /* ViewController.swift */,
				659C35B81DF038A8008A2EE3 /* Main.storyboard */,
				659C35BB1DF038A8008A2EE3 /* Assets.xcassets */,
				659C35BD1DF038A8008A2EE3 /* LaunchScreen.storyboard */,
				659C35C01DF038A8008A2EE3 /* Info.plist */,
			);
			path = Birthdays;
			sourceTree = "<group>";
		};
		659C35C81DF038A8008A2EE3 /* BirthdaysTests */ = {
			isa = PBXGroup;
			children = (
				659C35C91DF038A8008A2EE3 /* BirthdaysTests.swift */,
				659C35CB1DF038A8008A2EE3 /* Info.plist */,
			);
			path = BirthdaysTests;
			sourceTree = "<group>";
		};
/* End PBXGroup section */

/* Begin PBXNativeTarget section */
		659C35B01DF038A8008A2EE3 /* Birthdays */ = {
			isa = PBXNativeTarget;
			buildConfigurationList = 659C35CE1DF038A8008A2EE3 /* Build configuration list for PBXNativeTarget "Birthdays" */;
			buildPhases = (
				659C35AD1DF038A8008A2EE3 /* Sources */,
				659C35AE1DF038A8008A2EE3 /* Frameworks */,
				659C35AF1DF038A8008A2EE3 /* Resources */,
			);
			buildRules = (
			);
			dependencies = (
			);
			name = Birthdays;
			productName = Birthdays;
			productReference = 659C35B11DF038A8008A2EE3 /* Birthdays.app */;
			productType = "com.apple.product-type.application";
		};
		659C35C41DF038A8008A2EE3 /* BirthdaysTests */ = {
			isa = PBXNativeTarget;
			buildConfigurationList = 659C35D11DF038A8008A2EE3 /* Build configuration list for PBXNativeTarget "BirthdaysTests" */;
			buildPhases = (
				659C35C11DF038A8008A2EE3 /* Sources */,
				659C35C21DF038A8008A2EE3 /* Frameworks */,
				659C35C31DF038A8008A2EE3 /* Resources */,
			);
			buildRules = (
			);
			dependencies = (
				659C35C71DF038A8008A2EE3 /* PBXTargetDependency */,
			);
			name = BirthdaysTests;
			productName = BirthdaysTests;
			productReference = 659C35C51DF038A8008A2EE3 /* BirthdaysTests.xctest */;
			productType = "com.apple.product-type.bundle.unit-test";
		};
/* End PBXNativeTarget section */

/* Begin PBXProject section */
		659C35A91DF038A8008A2EE3 /* Project object */ = {
			isa = PBXProject;
			attributes = {
				LastSwiftUpdateCheck = 0820;
				LastUpgradeCheck = 0820;
				ORGANIZATIONNAME = "Yohannes Wijaya";
				TargetAttributes = {
					659C35B01DF038A8008A2EE3 = {
						CreatedOnToolsVersion = 8.2;
						DevelopmentTeam = 4Z5JKF2M6S;
						ProvisioningStyle = Automatic;
					};
					659C35C41DF038A8008A2EE3 = {
						CreatedOnToolsVersion = 8.2;
						DevelopmentTeam = 4Z5JKF2M6S;
						ProvisioningStyle = Automatic;
						TestTargetID = 659C35B01DF038A8008A2EE3;
					};
				};
			};
			buildConfigurationList = 659C35AC1DF038A8008A2EE3 /* Build configuration list for PBXProject "Birthdays" */;
			compatibilityVersion = "Xcode 3.2";
			developmentRegion = English;
			hasScannedForEncodings = 0;
			knownRegions = (
				en,
				Base,
			);
			mainGroup = 659C35A81DF038A8008A2EE3;
			productRefGroup = 659C35B21DF038A8008A2EE3 /* Products */;
			projectDirPath = "";
			projectRoot = "";
			targets = (
				659C35B01DF038A8008A2EE3 /* Birthdays */,
				659C35C41DF038A8008A2EE3 /* BirthdaysTests */,
			);
		};
/* End PBXProject section */

/* Begin PBXResourcesBuildPhase section */
		659C35AF1DF038A8008A2EE3 /* Resources */ = {
			isa = PBXResourcesBuildPhase;
			buildActionMask = 2147483647;
			files = (
				659C35BF1DF038A8008A2EE3 /* LaunchScreen.storyboard in Resources */,
				659C35BC1DF038A8008A2EE3 /* Assets.xcassets in Resources */,
				659C35BA1DF038A8008A2EE3 /* Main.storyboard in Resources */,
			);
			runOnlyForDeploymentPostprocessing = 0;
		};
		659C35C31DF038A8008A2EE3 /* Resources */ = {
			isa = PBXResourcesBuildPhase;
			buildActionMask = 2147483647;
			files = (
			);
			runOnlyForDeploymentPostprocessing = 0;
		};
/* End PBXResourcesBuildPhase section */

/* Begin PBXSourcesBuildPhase section */
		659C35AD1DF038A8008A2EE3 /* Sources */ = {
			isa = PBXSourcesBuildPhase;
			buildActionMask = 2147483647;
			files = (
				659C35B71DF038A8008A2EE3 /* ViewController.swift in Sources */,
				659C35B51DF038A8008A2EE3 /* AppDelegate.swift in Sources */,
			);
			runOnlyForDeploymentPostprocessing = 0;
		};
		659C35C11DF038A8008A2EE3 /* Sources */ = {
			isa = PBXSourcesBuildPhase;
			buildActionMask = 2147483647;
			files = (
				659C35CA1DF038A8008A2EE3 /* BirthdaysTests.swift in Sources */,
			);
			runOnlyForDeploymentPostprocessing = 0;
		};
/* End PBXSourcesBuildPhase section */

/* Begin PBXTargetDependency section */
		659C35C71DF038A8008A2EE3 /* PBXTargetDependency */ = {
			isa = PBXTargetDependency;
			target = 659C35B01DF038A8008A2EE3 /* Birthdays */;
			targetProxy = 659C35C61DF038A8008A2EE3 /* PBXContainerItemProxy */;
		};
/* End PBXTargetDependency section */

/* Begin PBXVariantGroup section */
		659C35B81DF038A8008A2EE3 /* Main.storyboard */ = {
			isa = PBXVariantGroup;
			children = (
				659C35B91DF038A8008A2EE3 /* Base */,
			);
			name = Main.storyboard;
			sourceTree = "<group>";
		};
		659C35BD1DF038A8008A2EE3 /* LaunchScreen.storyboard */ = {
			isa = PBXVariantGroup;
			children = (
				659C35BE1DF038A8008A2EE3 /* Base */,
			);
			name = LaunchScreen.storyboard;
			sourceTree = "<group>";
		};
/* End PBXVariantGroup section */

/* Begin XCBuildConfiguration section */
		659C35CC1DF038A8008A2EE3 /* Debug */ = {
			isa = XCBuildConfiguration;
			buildSettings = {
				ALWAYS_SEARCH_USER_PATHS = NO;
				CLANG_ANALYZER_NONNULL = YES;
				CLANG_CXX_LANGUAGE_STANDARD = "gnu++0x";
				CLANG_CXX_LIBRARY = "libc++";
				CLANG_ENABLE_MODULES = YES;
				CLANG_ENABLE_OBJC_ARC = YES;
				CLANG_WARN_BOOL_CONVERSION = YES;
				CLANG_WARN_CONSTANT_CONVERSION = YES;
				CLANG_WARN_DIRECT_OBJC_ISA_USAGE = YES_ERROR;
				CLANG_WARN_DOCUMENTATION_COMMENTS = YES;
				CLANG_WARN_EMPTY_BODY = YES;
				CLANG_WARN_ENUM_CONVERSION = YES;
				CLANG_WARN_INFINITE_RECURSION = YES;
				CLANG_WARN_INT_CONVERSION = YES;
				CLANG_WARN_OBJC_ROOT_CLASS = YES_ERROR;
				CLANG_WARN_SUSPICIOUS_MOVE = YES;
				CLANG_WARN_UNREACHABLE_CODE = YES;
				CLANG_WARN__DUPLICATE_METHOD_MATCH = YES;
				"CODE_SIGN_IDENTITY[sdk=iphoneos*]" = "iPhone Developer";
				COPY_PHASE_STRIP = NO;
				DEBUG_INFORMATION_FORMAT = dwarf;
				ENABLE_STRICT_OBJC_MSGSEND = YES;
				ENABLE_TESTABILITY = YES;
				GCC_C_LANGUAGE_STANDARD = gnu99;
				GCC_DYNAMIC_NO_PIC = NO;
				GCC_NO_COMMON_BLOCKS = YES;
				GCC_OPTIMIZATION_LEVEL = 0;
				GCC_PREPROCESSOR_DEFINITIONS = (
					"DEBUG=1",
					"$(inherited)",
				);
				GCC_WARN_64_TO_32_BIT_CONVERSION = YES;
				GCC_WARN_ABOUT_RETURN_TYPE = YES_ERROR;
				GCC_WARN_UNDECLARED_SELECTOR = YES;
				GCC_WARN_UNINITIALIZED_AUTOS = YES_AGGRESSIVE;
				GCC_WARN_UNUSED_FUNCTION = YES;
				GCC_WARN_UNUSED_VARIABLE = YES;
				IPHONEOS_DEPLOYMENT_TARGET = 10.2;
				MTL_ENABLE_DEBUG_INFO = YES;
				ONLY_ACTIVE_ARCH = YES;
				SDKROOT = iphoneos;
				SWIFT_ACTIVE_COMPILATION_CONDITIONS = DEBUG;
				SWIFT_OPTIMIZATION_LEVEL = "-Onone";
			};
			name = Debug;
		};
		659C35CD1DF038A8008A2EE3 /* Release */ = {
			isa = XCBuildConfiguration;
			buildSettings = {
				ALWAYS_SEARCH_USER_PATHS = NO;
				CLANG_ANALYZER_NONNULL = YES;
				CLANG_CXX_LANGUAGE_STANDARD = "gnu++0x";
				CLANG_CXX_LIBRARY = "libc++";
				CLANG_ENABLE_MODULES = YES;
				CLANG_ENABLE_OBJC_ARC = YES;
				CLANG_WARN_BOOL_CONVERSION = YES;
				CLANG_WARN_CONSTANT_CONVERSION = YES;
				CLANG_WARN_DIRECT_OBJC_ISA_USAGE = YES_ERROR;
				CLANG_WARN_DOCUMENTATION_COMMENTS = YES;
				CLANG_WARN_EMPTY_BODY = YES;
				CLANG_WARN_ENUM_CONVERSION = YES;
				CLANG_WARN_INFINITE_RECURSION = YES;
				CLANG_WARN_INT_CONVERSION = YES;
				CLANG_WARN_OBJC_ROOT_CLASS = YES_ERROR;
				CLANG_WARN_SUSPICIOUS_MOVE = YES;
				CLANG_WARN_UNREACHABLE_CODE = YES;
				CLANG_WARN__DUPLICATE_METHOD_MATCH = YES;
				"CODE_SIGN_IDENTITY[sdk=iphoneos*]" = "iPhone Developer";
				COPY_PHASE_STRIP = NO;
				DEBUG_INFORMATION_FORMAT = "dwarf-with-dsym";
				ENABLE_NS_ASSERTIONS = NO;
				ENABLE_STRICT_OBJC_MSGSEND = YES;
				GCC_C_LANGUAGE_STANDARD = gnu99;
				GCC_NO_COMMON_BLOCKS = YES;
				GCC_WARN_64_TO_32_BIT_CONVERSION = YES;
				GCC_WARN_ABOUT_RETURN_TYPE = YES_ERROR;
				GCC_WARN_UNDECLARED_SELECTOR = YES;
				GCC_WARN_UNINITIALIZED_AUTOS = YES_AGGRESSIVE;
				GCC_WARN_UNUSED_FUNCTION = YES;
				GCC_WARN_UNUSED_VARIABLE = YES;
				IPHONEOS_DEPLOYMENT_TARGET = 10.2;
				MTL_ENABLE_DEBUG_INFO = NO;
				SDKROOT = iphoneos;
				SWIFT_OPTIMIZATION_LEVEL = "-Owholemodule";
				VALIDATE_PRODUCT = YES;
			};
			name = Release;
		};
		659C35CF1DF038A8008A2EE3 /* Debug */ = {
			isa = XCBuildConfiguration;
			buildSettings = {
				ASSETCATALOG_COMPILER_APPICON_NAME = AppIcon;
				DEVELOPMENT_TEAM = 4Z5JKF2M6S;
				INFOPLIST_FILE = Birthdays/Info.plist;
				LD_RUNPATH_SEARCH_PATHS = "$(inherited) @executable_path/Frameworks";
				PRODUCT_BUNDLE_IDENTIFIER = yohannes.wijaya.Birthdays;
				PRODUCT_NAME = "$(TARGET_NAME)";
				SWIFT_VERSION = 3.0;
			};
			name = Debug;
		};
		659C35D01DF038A8008A2EE3 /* Release */ = {
			isa = XCBuildConfiguration;
			buildSettings = {
				ASSETCATALOG_COMPILER_APPICON_NAME = AppIcon;
				DEVELOPMENT_TEAM = 4Z5JKF2M6S;
				INFOPLIST_FILE = Birthdays/Info.plist;
				LD_RUNPATH_SEARCH_PATHS = "$(inherited) @executable_path/Frameworks";
				PRODUCT_BUNDLE_IDENTIFIER = yohannes.wijaya.Birthdays;
				PRODUCT_NAME = "$(TARGET_NAME)";
				SWIFT_VERSION = 3.0;
			};
			name = Release;
		};
		659C35D21DF038A8008A2EE3 /* Debug */ = {
			isa = XCBuildConfiguration;
			buildSettings = {
				ALWAYS_EMBED_SWIFT_STANDARD_LIBRARIES = YES;
				BUNDLE_LOADER = "$(TEST_HOST)";
				DEVELOPMENT_TEAM = 4Z5JKF2M6S;
				INFOPLIST_FILE = BirthdaysTests/Info.plist;
				LD_RUNPATH_SEARCH_PATHS = "$(inherited) @executable_path/Frameworks @loader_path/Frameworks";
				PRODUCT_BUNDLE_IDENTIFIER = yohannes.wijaya.BirthdaysTests;
				PRODUCT_NAME = "$(TARGET_NAME)";
				SWIFT_VERSION = 3.0;
				TEST_HOST = "$(BUILT_PRODUCTS_DIR)/Birthdays.app/Birthdays";
			};
			name = Debug;
		};
		659C35D31DF038A8008A2EE3 /* Release */ = {
			isa = XCBuildConfiguration;
			buildSettings = {
				ALWAYS_EMBED_SWIFT_STANDARD_LIBRARIES = YES;
				BUNDLE_LOADER = "$(TEST_HOST)";
				DEVELOPMENT_TEAM = 4Z5JKF2M6S;
				INFOPLIST_FILE = BirthdaysTests/Info.plist;
				LD_RUNPATH_SEARCH_PATHS = "$(inherited) @executable_path/Frameworks @loader_path/Frameworks";
				PRODUCT_BUNDLE_IDENTIFIER = yohannes.wijaya.BirthdaysTests;
				PRODUCT_NAME = "$(TARGET_NAME)";
				SWIFT_VERSION = 3.0;
				TEST_HOST = "$(BUILT_PRODUCTS_DIR)/Birthdays.app/Birthdays";
			};
			name = Release;
		};
/* End XCBuildConfiguration section */

/* Begin XCConfigurationList section */
		659C35AC1DF038A8008A2EE3 /* Build configuration list for PBXProject "Birthdays" */ = {
			isa = XCConfigurationList;
			buildConfigurations = (
				659C35CC1DF038A8008A2EE3 /* Debug */,
				659C35CD1DF038A8008A2EE3 /* Release */,
			);
			defaultConfigurationIsVisible = 0;
			defaultConfigurationName = Release;
		};
		659C35CE1DF038A8008A2EE3 /* Build configuration list for PBXNativeTarget "Birthdays" */ = {
			isa = XCConfigurationList;
			buildConfigurations = (
				659C35CF1DF038A8008A2EE3 /* Debug */,
				659C35D01DF038A8008A2EE3 /* Release */,
			);
			defaultConfigurationIsVisible = 0;
		};
		659C35D11DF038A8008A2EE3 /* Build configuration list for PBXNativeTarget "BirthdaysTests" */ = {
			isa = XCConfigurationList;
			buildConfigurations = (
				659C35D21DF038A8008A2EE3 /* Debug */,
				659C35D31DF038A8008A2EE3 /* Release */,
			);
			defaultConfigurationIsVisible = 0;
		};
/* End XCConfigurationList section */
	};
	rootObject = 659C35A91DF038A8008A2EE3 /* Project object */;
}
